
Microsoft Visual Studio Solution File, Format Version 12.00
# Visual Studio Version 16
VisualStudioVersion = 16.0.30204.135
MinimumVisualStudioVersion = 10.0.40219.1
Project("{9A19103F-16F7-4668-BE54-9A1E7A4F7556}") = "librosBackEnd", "librosBackEnd\librosBackEnd.csproj", "{6BC576EE-B955-47EC-9223-E3415B22892B}"
EndProject
Project("{FAE04EC0-301F-11D3-BF4B-00C04F79EFBC}") = "Modelos", "Modelos\Modelos.csproj", "{B81DD4EE-0D03-4811-88A8-FB45869C6F44}"
EndProject
Project("{FAE04EC0-301F-11D3-BF4B-00C04F79EFBC}") = "Datos", "Datos\Datos.csproj", "{E2654D19-C2FC-49A2-882C-611AA0149EF4}"
EndProject
Project("{FAE04EC0-301F-11D3-BF4B-00C04F79EFBC}") = "Negocio", "Negocio\Negocio.csproj", "{6C9FA9A3-EC0D-4439-90F2-5611301B9F6A}"
EndProject
Project("{FAE04EC0-301F-11D3-BF4B-00C04F79EFBC}") = "Utilidades", "Utilidades\Utilidades.csproj", "{CDF42869-BEEB-4EE5-9223-3BCE1E9F3CD7}"
EndProject
Global
	GlobalSection(SolutionConfigurationPlatforms) = preSolution
		Debug|Any CPU = Debug|Any CPU
		Release|Any CPU = Release|Any CPU
	EndGlobalSection
	GlobalSection(ProjectConfigurationPlatforms) = postSolution
		{6BC576EE-B955-47EC-9223-E3415B22892B}.Debug|Any CPU.ActiveCfg = Debug|Any CPU
		{6BC576EE-B955-47EC-9223-E3415B22892B}.Debug|Any CPU.Build.0 = Debug|Any CPU
		{6BC576EE-B955-47EC-9223-E3415B22892B}.Release|Any CPU.ActiveCfg = Release|Any CPU
		{6BC576EE-B955-47EC-9223-E3415B22892B}.Release|Any CPU.Build.0 = Release|Any CPU
		{B81DD4EE-0D03-4811-88A8-FB45869C6F44}.Debug|Any CPU.ActiveCfg = Debug|Any CPU
		{B81DD4EE-0D03-4811-88A8-FB45869C6F44}.Debug|Any CPU.Build.0 = Debug|Any CPU
		{B81DD4EE-0D03-4811-88A8-FB45869C6F44}.Release|Any CPU.ActiveCfg = Release|Any CPU
		{B81DD4EE-0D03-4811-88A8-FB45869C6F44}.Release|Any CPU.Build.0 = Release|Any CPU
		{E2654D19-C2FC-49A2-882C-611AA0149EF4}.Debug|Any CPU.ActiveCfg = Debug|Any CPU
		{E2654D19-C2FC-49A2-882C-611AA0149EF4}.Debug|Any CPU.Build.0 = Debug|Any CPU
		{E2654D19-C2FC-49A2-882C-611AA0149EF4}.Release|Any CPU.ActiveCfg = Release|Any CPU
		{E2654D19-C2FC-49A2-882C-611AA0149EF4}.Release|Any CPU.Build.0 = Release|Any CPU
		{6C9FA9A3-EC0D-4439-90F2-5611301B9F6A}.Debug|Any CPU.ActiveCfg = Debug|Any CPU
		{6C9FA9A3-EC0D-4439-90F2-5611301B9F6A}.Debug|Any CPU.Build.0 = Debug|Any CPU
		{6C9FA9A3-EC0D-4439-90F2-5611301B9F6A}.Release|Any CPU.ActiveCfg = Release|Any CPU
		{6C9FA9A3-EC0D-4439-90F2-5611301B9F6A}.Release|Any CPU.Build.0 = Release|Any CPU
		{CDF42869-BEEB-4EE5-9223-3BCE1E9F3CD7}.Debug|Any CPU.ActiveCfg = Debug|Any CPU
		{CDF42869-BEEB-4EE5-9223-3BCE1E9F3CD7}.Debug|Any CPU.Build.0 = Debug|Any CPU
		{CDF42869-BEEB-4EE5-9223-3BCE1E9F3CD7}.Release|Any CPU.ActiveCfg = Release|Any CPU
		{CDF42869-BEEB-4EE5-9223-3BCE1E9F3CD7}.Release|Any CPU.Build.0 = Release|Any CPU
	EndGlobalSection
	GlobalSection(SolutionProperties) = preSolution
		HideSolutionNode = FALSE
	EndGlobalSection
	GlobalSection(ExtensibilityGlobals) = postSolution
		SolutionGuid = {6F975CAA-D00F-4600-AB8C-3F77A4A64914}
	EndGlobalSection
EndGlobal
